{
	"name": "assign-pr",
	"version": "0.0.0",
	"lockfileVersion": 3,
	"requires": true,
	"packages": {
		"": {
			"name": "assign-pr",
			"version": "0.0.0",
			"dependencies": {
				"codeowners-utils": "^1.0.2"
			},
			"devDependencies": {
				"@actions/core": "1.9.1",
				"@actions/github": "9.0.0",
				"esbuild": "0.14.39"
			}
		},
		"node_modules/@actions/core": {
			"version": "1.9.1",
			"resolved": "https://registry.npmjs.org/@actions/core/-/core-1.9.1.tgz",
			"integrity": "sha512-5ad+U2YGrmmiw6du20AQW5XuWo7UKN2052FjSV7MX+Wfjf8sCqcsZe62NfgHys4QI4/Y+vQvLKYL8jWtA1ZBTA==",
			"dev": true,
			"dependencies": {
				"@actions/http-client": "^2.0.1",
				"uuid": "^8.3.2"
			}
		},
		"node_modules/@actions/github": {
			"version": "9.0.0",
			"resolved": "https://registry.npmjs.org/@actions/github/-/github-9.0.0.tgz",
			"integrity": "sha512-yJ0RoswsAaKcvkmpCE4XxBRiy/whH2SdTBHWzs0gi4wkqTDhXMChjSdqBz/F4AeiDlP28rQqL33iHb+kjAMX6w==",
			"dev": true,
			"license": "MIT",
			"dependencies": {
				"@actions/http-client": "^3.0.2",
				"@octokit/core": "^7.0.6",
				"@octokit/plugin-paginate-rest": "^14.0.0",
				"@octokit/plugin-rest-endpoint-methods": "^17.0.0",
				"@octokit/request": "^10.0.7",
				"@octokit/request-error": "^7.1.0",
				"undici": "^6.23.0"
			}
		},
		"node_modules/@actions/github/node_modules/@actions/http-client": {
			"version": "3.0.2",
			"resolved": "https://registry.npmjs.org/@actions/http-client/-/http-client-3.0.2.tgz",
			"integrity": "sha512-JP38FYYpyqvUsz+Igqlc/JG6YO9PaKuvqjM3iGvaLqFnJ7TFmcLyy2IDrY0bI0qCQug8E9K+elv5ZNfw62ZJzA==",
			"dev": true,
			"license": "MIT",
			"dependencies": {
				"tunnel": "^0.0.6",
				"undici": "^6.23.0"
			}
		},
		"node_modules/@actions/http-client": {
			"version": "2.1.0",
			"resolved": "https://registry.npmjs.org/@actions/http-client/-/http-client-2.1.0.tgz",
			"integrity": "sha512-BonhODnXr3amchh4qkmjPMUO8mFi/zLaaCeCAJZqch8iQqyDnVIkySjB38VHAC8IJ+bnlgfOqlhpyCUZHlQsqw==",
			"dev": true,
			"dependencies": {
				"tunnel": "^0.0.6"
			}
		},
		"node_modules/@octokit/auth-token": {
			"version": "6.0.0",
			"resolved": "https://registry.npmjs.org/@octokit/auth-token/-/auth-token-6.0.0.tgz",
			"integrity": "sha512-P4YJBPdPSpWTQ1NU4XYdvHvXJJDxM6YwpS0FZHRgP7YFkdVxsWcpWGy/NVqlAA7PcPCnMacXlRm1y2PFZRWL/w==",
			"dev": true,
			"license": "MIT",
			"engines": {
				"node": ">= 20"
			}
		},
		"node_modules/@octokit/core": {
			"version": "7.0.6",
			"resolved": "https://registry.npmjs.org/@octokit/core/-/core-7.0.6.tgz",
			"integrity": "sha512-DhGl4xMVFGVIyMwswXeyzdL4uXD5OGILGX5N8Y+f6W7LhC1Ze2poSNrkF/fedpVDHEEZ+PHFW0vL14I+mm8K3Q==",
			"dev": true,
			"license": "MIT",
			"dependencies": {
				"@octokit/auth-token": "^6.0.0",
				"@octokit/graphql": "^9.0.3",
				"@octokit/request": "^10.0.6",
				"@octokit/request-error": "^7.0.2",
				"@octokit/types": "^16.0.0",
				"before-after-hook": "^4.0.0",
				"universal-user-agent": "^7.0.0"
			},
			"engines": {
				"node": ">= 20"
			}
		},
		"node_modules/@octokit/endpoint": {
			"version": "11.0.3",
			"resolved": "https://registry.npmjs.org/@octokit/endpoint/-/endpoint-11.0.3.tgz",
			"integrity": "sha512-FWFlNxghg4HrXkD3ifYbS/IdL/mDHjh9QcsNyhQjN8dplUoZbejsdpmuqdA76nxj2xoWPs7p8uX2SNr9rYu0Ag==",
			"dev": true,
			"license": "MIT",
			"dependencies": {
				"@octokit/types": "^16.0.0",
				"universal-user-agent": "^7.0.2"
			},
			"engines": {
				"node": ">= 20"
			}
		},
		"node_modules/@octokit/graphql": {
			"version": "9.0.3",
			"resolved": "https://registry.npmjs.org/@octokit/graphql/-/graphql-9.0.3.tgz",
			"integrity": "sha512-grAEuupr/C1rALFnXTv6ZQhFuL1D8G5y8CN04RgrO4FIPMrtm+mcZzFG7dcBm+nq+1ppNixu+Jd78aeJOYxlGA==",
			"dev": true,
			"license": "MIT",
			"dependencies": {
				"@octokit/request": "^10.0.6",
				"@octokit/types": "^16.0.0",
				"universal-user-agent": "^7.0.0"
			},
			"engines": {
				"node": ">= 20"
			}
		},
		"node_modules/@octokit/openapi-types": {
			"version": "27.0.0",
			"resolved": "https://registry.npmjs.org/@octokit/openapi-types/-/openapi-types-27.0.0.tgz",
			"integrity": "sha512-whrdktVs1h6gtR+09+QsNk2+FO+49j6ga1c55YZudfEG+oKJVvJLQi3zkOm5JjiUXAagWK2tI2kTGKJ2Ys7MGA==",
			"dev": true,
			"license": "MIT"
		},
		"node_modules/@octokit/plugin-paginate-rest": {
			"version": "14.0.0",
			"resolved": "https://registry.npmjs.org/@octokit/plugin-paginate-rest/-/plugin-paginate-rest-14.0.0.tgz",
			"integrity": "sha512-fNVRE7ufJiAA3XUrha2omTA39M6IXIc6GIZLvlbsm8QOQCYvpq/LkMNGyFlB1d8hTDzsAXa3OKtybdMAYsV/fw==",
			"dev": true,
			"license": "MIT",
			"dependencies": {
				"@octokit/types": "^16.0.0"
			},
			"engines": {
				"node": ">= 20"
			},
			"peerDependencies": {
				"@octokit/core": ">=6"
			}
		},
		"node_modules/@octokit/plugin-rest-endpoint-methods": {
			"version": "17.0.0",
			"resolved": "https://registry.npmjs.org/@octokit/plugin-rest-endpoint-methods/-/plugin-rest-endpoint-methods-17.0.0.tgz",
			"integrity": "sha512-B5yCyIlOJFPqUUeiD0cnBJwWJO8lkJs5d8+ze9QDP6SvfiXSz1BF+91+0MeI1d2yxgOhU/O+CvtiZ9jSkHhFAw==",
			"dev": true,
			"license": "MIT",
			"dependencies": {
				"@octokit/types": "^16.0.0"
			},
			"engines": {
				"node": ">= 20"
			},
			"peerDependencies": {
				"@octokit/core": ">=6"
			}
		},
		"node_modules/@octokit/request": {
			"version": "10.0.8",
			"resolved": "https://registry.npmjs.org/@octokit/request/-/request-10.0.8.tgz",
			"integrity": "sha512-SJZNwY9pur9Agf7l87ywFi14W+Hd9Jg6Ifivsd33+/bGUQIjNujdFiXII2/qSlN2ybqUHfp5xpekMEjIBTjlSw==",
			"dev": true,
			"license": "MIT",
			"dependencies": {
				"@octokit/endpoint": "^11.0.3",
				"@octokit/request-error": "^7.0.2",
				"@octokit/types": "^16.0.0",
				"fast-content-type-parse": "^3.0.0",
				"json-with-bigint": "^3.5.3",
				"universal-user-agent": "^7.0.2"
			},
			"engines": {
				"node": ">= 20"
			}
		},
		"node_modules/@octokit/request-error": {
			"version": "7.1.0",
			"resolved": "https://registry.npmjs.org/@octokit/request-error/-/request-error-7.1.0.tgz",
			"integrity": "sha512-KMQIfq5sOPpkQYajXHwnhjCC0slzCNScLHs9JafXc4RAJI+9f+jNDlBNaIMTvazOPLgb4BnlhGJOTbnN0wIjPw==",
			"dev": true,
			"license": "MIT",
			"dependencies": {
				"@octokit/types": "^16.0.0"
			},
			"engines": {
				"node": ">= 20"
			}
		},
		"node_modules/@octokit/types": {
			"version": "16.0.0",
			"resolved": "https://registry.npmjs.org/@octokit/types/-/types-16.0.0.tgz",
			"integrity": "sha512-sKq+9r1Mm4efXW1FCk7hFSeJo4QKreL/tTbR0rz/qx/r1Oa2VV83LTA/H/MuCOX7uCIJmQVRKBcbmWoySjAnSg==",
			"dev": true,
			"license": "MIT",
			"dependencies": {
				"@octokit/openapi-types": "^27.0.0"
			}
		},
		"node_modules/before-after-hook": {
			"version": "4.0.0",
			"resolved": "https://registry.npmjs.org/before-after-hook/-/before-after-hook-4.0.0.tgz",
			"integrity": "sha512-q6tR3RPqIB1pMiTRMFcZwuG5T8vwp+vUvEG0vuI6B+Rikh5BfPp2fQ82c925FOs+b0lcFQ8CFrL+KbilfZFhOQ==",
			"dev": true,
			"license": "Apache-2.0"
		},
		"node_modules/codeowners-utils": {
			"version": "1.0.2",
			"resolved": "https://registry.npmjs.org/codeowners-utils/-/codeowners-utils-1.0.2.tgz",
			"integrity": "sha512-4oLRCymV7azxGHMpM3F297D651VdwZa21hVfFCn/cOd8Fq8tFrpfpyRpSBQkaZCyFPkfOhEld9xceCF7btyiug==",
			"dependencies": {
				"cross-spawn": "^7.0.2",
				"find-up": "^4.1.0",
				"ignore": "^5.1.4",
				"locate-path": "^5.0.0"
			}
		},
		"node_modules/cross-spawn": {
			"version": "7.0.3",
			"resolved": "https://registry.npmjs.org/cross-spawn/-/cross-spawn-7.0.3.tgz",
			"integrity": "sha512-iRDPJKUPVEND7dHPO8rkbOnPpyDygcDFtWjpeWNCgy8WP2rXcxXL8TskReQl6OrB2G7+UJrags1q15Fudc7G6w==",
			"dependencies": {
				"path-key": "^3.1.0",
				"shebang-command": "^2.0.0",
				"which": "^2.0.1"
			},
			"engines": {
				"node": ">= 8"
			}
		},
		"node_modules/esbuild": {
			"version": "0.14.39",
			"resolved": "https://registry.npmjs.org/esbuild/-/esbuild-0.14.39.tgz",
			"integrity": "sha512-2kKujuzvRWYtwvNjYDY444LQIA3TyJhJIX3Yo4+qkFlDDtGlSicWgeHVJqMUP/2sSfH10PGwfsj+O2ro1m10xQ==",
			"dev": true,
			"hasInstallScript": true,
			"bin": {
				"esbuild": "bin/esbuild"
			},
			"engines": {
				"node": ">=12"
			},
			"optionalDependencies": {
				"esbuild-android-64": "0.14.39",
				"esbuild-android-arm64": "0.14.39",
				"esbuild-darwin-64": "0.14.39",
				"esbuild-darwin-arm64": "0.14.39",
				"esbuild-freebsd-64": "0.14.39",
				"esbuild-freebsd-arm64": "0.14.39",
				"esbuild-linux-32": "0.14.39",
				"esbuild-linux-64": "0.14.39",
				"esbuild-linux-arm": "0.14.39",
				"esbuild-linux-arm64": "0.14.39",
				"esbuild-linux-mips64le": "0.14.39",
				"esbuild-linux-ppc64le": "0.14.39",
				"esbuild-linux-riscv64": "0.14.39",
				"esbuild-linux-s390x": "0.14.39",
				"esbuild-netbsd-64": "0.14.39",
				"esbuild-openbsd-64": "0.14.39",
				"esbuild-sunos-64": "0.14.39",
				"esbuild-windows-32": "0.14.39",
				"esbuild-windows-64": "0.14.39",
				"esbuild-windows-arm64": "0.14.39"
			}
		},
		"node_modules/esbuild-darwin-64": {
			"version": "0.14.39",
			"resolved": "https://registry.npmjs.org/esbuild-darwin-64/-/esbuild-darwin-64-0.14.39.tgz",
			"integrity": "sha512-ImT6eUw3kcGcHoUxEcdBpi6LfTRWaV6+qf32iYYAfwOeV+XaQ/Xp5XQIBiijLeo+LpGci9M0FVec09nUw41a5g==",
			"cpu": [
				"x64"
			],
			"dev": true,
			"optional": true,
			"os": [
				"darwin"
			],
			"engines": {
				"node": ">=12"
			}
		},
		"node_modules/fast-content-type-parse": {
			"version": "3.0.0",
			"resolved": "https://registry.npmjs.org/fast-content-type-parse/-/fast-content-type-parse-3.0.0.tgz",
			"integrity": "sha512-ZvLdcY8P+N8mGQJahJV5G4U88CSvT1rP8ApL6uETe88MBXrBHAkZlSEySdUlyztF7ccb+Znos3TFqaepHxdhBg==",
			"dev": true,
			"funding": [
				{
					"type": "github",
					"url": "https://github.com/sponsors/fastify"
				},
				{
					"type": "opencollective",
					"url": "https://opencollective.com/fastify"
				}
			],
			"license": "MIT"
		},
		"node_modules/find-up": {
			"version": "4.1.0",
			"resolved": "https://registry.npmjs.org/find-up/-/find-up-4.1.0.tgz",
			"integrity": "sha512-PpOwAdQ/YlXQ2vj8a3h8IipDuYRi3wceVQQGYWxNINccq40Anw7BlsEXCMbt1Zt+OLA6Fq9suIpIWD0OsnISlw==",
			"dependencies": {
				"locate-path": "^5.0.0",
				"path-exists": "^4.0.0"
			},
			"engines": {
				"node": ">=8"
			}
		},
		"node_modules/ignore": {
			"version": "5.3.1",
			"resolved": "https://registry.npmjs.org/ignore/-/ignore-5.3.1.tgz",
			"integrity": "sha512-5Fytz/IraMjqpwfd34ke28PTVMjZjJG2MPn5t7OE4eUCUNf8BAa7b5WUS9/Qvr6mwOQS7Mk6vdsMno5he+T8Xw==",
			"engines": {
				"node": ">= 4"
			}
		},
		"node_modules/isexe": {
			"version": "2.0.0",
			"resolved": "https://registry.npmjs.org/isexe/-/isexe-2.0.0.tgz",
			"integrity": "sha512-RHxMLp9lnKHGHRng9QFhRCMbYAcVpn69smSGcq3f36xjgVVWThj4qqLbTLlq7Ssj8B+fIQ1EuCEGI2lKsyQeIw=="
		},
		"node_modules/json-with-bigint": {
			"version": "3.5.8",
			"resolved": "https://registry.npmjs.org/json-with-bigint/-/json-with-bigint-3.5.8.tgz",
			"integrity": "sha512-eq/4KP6K34kwa7TcFdtvnftvHCD9KvHOGGICWwMFc4dOOKF5t4iYqnfLK8otCRCRv06FXOzGGyqE8h8ElMvvdw==",
			"dev": true,
			"license": "MIT"
		},
		"node_modules/locate-path": {
			"version": "5.0.0",
			"resolved": "https://registry.npmjs.org/locate-path/-/locate-path-5.0.0.tgz",
			"integrity": "sha512-t7hw9pI+WvuwNJXwk5zVHpyhIqzg2qTlklJOf0mVxGSbe3Fp2VieZcduNYjaLDoy6p9uGpQEGWG87WpMKlNq8g==",
			"dependencies": {
				"p-locate": "^4.1.0"
			},
			"engines": {
				"node": ">=8"
			}
		},
		"node_modules/p-limit": {
			"version": "2.3.0",
			"resolved": "https://registry.npmjs.org/p-limit/-/p-limit-2.3.0.tgz",
			"integrity": "sha512-//88mFWSJx8lxCzwdAABTJL2MyWB12+eIY7MDL2SqLmAkeKU9qxRvWuSyTjm3FUmpBEMuFfckAIqEaVGUDxb6w==",
			"dependencies": {
				"p-try": "^2.0.0"
			},
			"engines": {
				"node": ">=6"
			},
			"funding": {
				"url": "https://github.com/sponsors/sindresorhus"
			}
		},
		"node_modules/p-locate": {
			"version": "4.1.0",
			"resolved": "https://registry.npmjs.org/p-locate/-/p-locate-4.1.0.tgz",
			"integrity": "sha512-R79ZZ/0wAxKGu3oYMlz8jy/kbhsNrS7SKZ7PxEHBgJ5+F2mtFW2fK2cOtBh1cHYkQsbzFV7I+EoRKe6Yt0oK7A==",
			"dependencies": {
				"p-limit": "^2.2.0"
			},
			"engines": {
				"node": ">=8"
			}
		},
		"node_modules/p-try": {
			"version": "2.2.0",
			"resolved": "https://registry.npmjs.org/p-try/-/p-try-2.2.0.tgz",
			"integrity": "sha512-R4nPAVTAU0B9D35/Gk3uJf/7XYbQcyohSKdvAxIRSNghFl4e71hVoGnBNQz9cWaXxO2I10KTC+3jMdvvoKw6dQ==",
			"engines": {
				"node": ">=6"
			}
		},
		"node_modules/path-exists": {
			"version": "4.0.0",
			"resolved": "https://registry.npmjs.org/path-exists/-/path-exists-4.0.0.tgz",
			"integrity": "sha512-ak9Qy5Q7jYb2Wwcey5Fpvg2KoAc/ZIhLSLOSBmRmygPsGwkVVt0fZa0qrtMz+m6tJTAHfZQ8FnmB4MG4LWy7/w==",
			"engines": {
				"node": ">=8"
			}
		},
		"node_modules/path-key": {
			"version": "3.1.1",
			"resolved": "https://registry.npmjs.org/path-key/-/path-key-3.1.1.tgz",
			"integrity": "sha512-ojmeN0qd+y0jszEtoY48r0Peq5dwMEkIlCOu6Q5f41lfkswXuKtYrhgoTpLnyIcHm24Uhqx+5Tqm2InSwLhE6Q==",
			"engines": {
				"node": ">=8"
			}
		},
		"node_modules/shebang-command": {
			"version": "2.0.0",
			"resolved": "https://registry.npmjs.org/shebang-command/-/shebang-command-2.0.0.tgz",
			"integrity": "sha512-kHxr2zZpYtdmrN1qDjrrX/Z1rR1kG8Dx+gkpK1G4eXmvXswmcE1hTWBWYUzlraYw1/yZp6YuDY77YtvbN0dmDA==",
			"dependencies": {
				"shebang-regex": "^3.0.0"
			},
			"engines": {
				"node": ">=8"
			}
		},
		"node_modules/shebang-regex": {
			"version": "3.0.0",
			"resolved": "https://registry.npmjs.org/shebang-regex/-/shebang-regex-3.0.0.tgz",
			"integrity": "sha512-7++dFhtcx3353uBaq8DDR4NuxBetBzC7ZQOhmTQInHEd6bSrXdiEyzCvG07Z44UYdLShWUyXt5M/yhz8ekcb1A==",
			"engines": {
				"node": ">=8"
			}
		},
		"node_modules/tunnel": {
			"version": "0.0.6",
			"resolved": "https://registry.npmjs.org/tunnel/-/tunnel-0.0.6.tgz",
			"integrity": "sha512-1h/Lnq9yajKY2PEbBadPXj3VxsDDu844OnaAo52UVmIzIvwwtBPIuNvkjuzBlTWpfJyUbG3ez0KSBibQkj4ojg==",
			"dev": true,
			"engines": {
				"node": ">=0.6.11 <=0.7.0 || >=0.7.3"
			}
		},
		"node_modules/undici": {
			"version": "6.24.1",
			"resolved": "https://registry.npmjs.org/undici/-/undici-6.24.1.tgz",
			"integrity": "sha512-sC+b0tB1whOCzbtlx20fx3WgCXwkW627p4EA9uM+/tNNPkSS+eSEld6pAs9nDv7WbY1UUljBMYPtu9BCOrCWKA==",
			"dev": true,
			"license": "MIT",
			"engines": {
				"node": ">=18.17"
			}
		},
		"node_modules/universal-user-agent": {
			"version": "7.0.3",
			"resolved": "https://registry.npmjs.org/universal-user-agent/-/universal-user-agent-7.0.3.tgz",
			"integrity": "sha512-TmnEAEAsBJVZM/AADELsK76llnwcf9vMKuPz8JflO1frO8Lchitr0fNaN9d+Ap0BjKtqWqd/J17qeDnXh8CL2A==",
			"dev": true,
			"license": "ISC"
		},
		"node_modules/uuid": {
			"version": "8.3.2",
			"resolved": "https://registry.npmjs.org/uuid/-/uuid-8.3.2.tgz",
			"integrity": "sha512-+NYs2QeMWy+GWFOEm9xnn6HCDp0l7QBD7ml8zLUmJ+93Q5NF0NocErnwkTkXVFNiX3/fpC6afS8Dhb/gz7R7eg==",
			"dev": true,
			"bin": {
				"uuid": "dist/bin/uuid"
			}
		},
		"node_modules/which": {
			"version": "2.0.2",
			"resolved": "https://registry.npmjs.org/which/-/which-2.0.2.tgz",
			"integrity": "sha512-BLI3Tl1TW3Pvl70l3yq3Y64i+awpwXqsGBYWkkqMtnbXgrMD+yj7rhW0kuEDxzJaYXGjEW5ogapKNMEKNMjibA==",
			"dependencies": {
				"isexe": "^2.0.0"
			},
			"bin": {
				"node-which": "bin/node-which"
			},
			"engines": {
				"node": ">= 8"
			}
		}
	}
}
