# THIS IS AN AUTOGENERATED FILE. DO NOT EDIT THIS FILE DIRECTLY.
# yarn lockfile v1


"@cloudflare/kv-asset-handler@^0.0.12":
  version "0.0.12"
  resolved "https://registry.yarnpkg.com/@cloudflare/kv-asset-handler/-/kv-asset-handler-0.0.12.tgz#4fc397912a0897a5cf8c0b5eb7c983b5e8b36979"
  integrity sha512-3XCs9TRhQh/yUs1ST9cIMLB8C5c1JRKcDYTPJbAmcgI0kO2FPCSZz+kyNb9x25DuGQeqOMMwmxHPtiOfTki/Gw==
  dependencies:
    "@cloudflare/workers-types" "^2.0.0"
    "@types/mime" "^2.0.2"
    mime "^2.4.6"

"@cloudflare/workers-types@^2.0.0":
  version "2.2.2"
  resolved "https://registry.yarnpkg.com/@cloudflare/workers-types/-/workers-types-2.2.2.tgz#1bced16bba801d7af987da835467545bb5cc7ac6"
  integrity sha512-kaMn2rueJ0PL1TYVGknTCh0X0x0d9G+FNXAFep7/4uqecEZoQb/63o6rOmMuiqI09zLuHV6xhKRXinokV/MY9A==

"@types/basic-auth@^1.1.3":
  version "1.1.3"
  resolved "https://registry.yarnpkg.com/@types/basic-auth/-/basic-auth-1.1.3.tgz#a787ede8310804174fbbf3d6c623ab1ccedb02cd"
  integrity sha512-W3rv6J0IGlxqgE2eQ2pTb0gBjaGtejQpJ6uaCjz3UQ65+TFTPC5/lAE+POfx1YLdjtxvejJzsIAfd3MxWiVmfg==
  dependencies:
    "@types/node" "*"

"@types/mime@^2.0.2":
  version "2.0.3"
  resolved "https://registry.yarnpkg.com/@types/mime/-/mime-2.0.3.tgz#c893b73721db73699943bfc3653b1deb7faa4a3a"
  integrity sha512-Jus9s4CDbqwocc5pOAnh8ShfrnMcPHuJYzVcSUU7lrh8Ni5HuIqX3oilL86p3dlTrk0LzHRCgA/GQ7uNCw6l2Q==

"@types/node@*":
  version "16.11.12"
  resolved "https://registry.yarnpkg.com/@types/node/-/node-16.11.12.tgz#ac7fb693ac587ee182c3780c26eb65546a1a3c10"
  integrity sha512-+2Iggwg7PxoO5Kyhvsq9VarmPbIelXP070HMImEpbtGCoyWNINQj4wzjbQCXzdHTRXnqufutJb5KAURZANNBAw==

"@types/papaparse@^5.0.6":
  version "5.3.1"
  resolved "https://registry.yarnpkg.com/@types/papaparse/-/papaparse-5.3.1.tgz#fb5c613a64473c33b08fb9bc2a5ddbf25e54784e"
  integrity sha512-1lbngk9wty2kCyQB42LjqSa12SEop3t9wcEC7/xYr3ujTSTmv7HWKjKYXly0GkMfQ42PRb2lFPFEibDOiMXS0g==
  dependencies:
    "@types/node" "*"

basic-auth@^2.0.1:
  version "2.0.1"
  resolved "https://registry.yarnpkg.com/basic-auth/-/basic-auth-2.0.1.tgz#b998279bf47ce38344b4f3cf916d4679bbf51e3a"
  integrity sha512-NF+epuEdnUYVlGuhaxbbq+dvJttwLnGY+YixlXlME5KpQ5W3CnXA5cVTneY3SPbPDRkcjMbifrwmFYcClgOZeg==
  dependencies:
    safe-buffer "5.1.2"

lilredirector@^0.5.1:
  version "0.5.1"
  resolved "https://registry.yarnpkg.com/lilredirector/-/lilredirector-0.5.1.tgz#296212455cb4a7f8356f639c01b64536869ab02b"
  integrity sha512-tqjwxceVvQug6cpe1lTEC/n5gb1oOsOe5SnpOiKu15c5ZX4INy6DR/b5kCgbyun4WEZdUeI7pLQgfRdjUG04KQ==
  dependencies:
    "@cloudflare/workers-types" "^2.0.0"
    "@types/basic-auth" "^1.1.3"
    "@types/papaparse" "^5.0.6"
    basic-auth "^2.0.1"
    papaparse "^5.2.0"

mime@^2.4.6:
  version "2.6.0"
  resolved "https://registry.yarnpkg.com/mime/-/mime-2.6.0.tgz#a2a682a95cd4d0cb1d6257e28f83da7e35800367"
  integrity sha512-USPkMeET31rOMiarsBNIHZKLGgvKc/LrjofAnBlOttf5ajRvqiRA8QsenbcooctK6d6Ts6aqZXBA+XbkKthiQg==

papaparse@^5.2.0:
  version "5.3.1"
  resolved "https://registry.yarnpkg.com/papaparse/-/papaparse-5.3.1.tgz#770b7a9124d821d4b2132132b7bd7dce7194b5b1"
  integrity sha512-Dbt2yjLJrCwH2sRqKFFJaN5XgIASO9YOFeFP8rIBRG2Ain8mqk5r1M6DkfvqEVozVcz3r3HaUGw253hA1nLIcA==

safe-buffer@5.1.2:
  version "5.1.2"
  resolved "https://registry.yarnpkg.com/safe-buffer/-/safe-buffer-5.1.2.tgz#991ec69d296e0313747d59bdfd2b745c35f8828d"
  integrity sha512-Gd2UZBJDkXlY7GbJxfsE8/nvKkUEU1G38c1siN6QP6a9PT9MmHB8GnpscSmMJSoF8LOIrt8ud/wPtojys4G6+g==

workers-google-analytics@0.0.3:
  version "0.0.3"
  resolved "https://registry.yarnpkg.com/workers-google-analytics/-/workers-google-analytics-0.0.3.tgz#6eed7e25b333389e38a1b6457b09e6a546acaeab"
  integrity sha512-R17b/uKw8jw9oq0nucIildywrJ4QsEpcQss5XHzpp9POCZxKs+/uIpJtuOQjjB1Vw9gTXotwkgtbqiorqu1MPg==
  dependencies:
    "@cloudflare/workers-types" "^2.0.0"
