lockfileVersion: "9.0"

settings:
  autoInstallPeers: true
  excludeLinksFromLockfile: false

importers:
  .:
    dependencies:
      "@cloudflare/containers":
        specifier: 0.3.7
        version: 0.3.7
    devDependencies:
      "@cloudflare/workers-types":
        specifier: 5.20260914.1
        version: 5.20260914.1
      typescript:
        specifier: 5.9.3
        version: 5.9.3
      wrangler:
        specifier: 4.131.2
        version: 4.131.2(@cloudflare/workers-types@5.20260914.1)

packages:
  "@cloudflare/containers@0.3.7":
    resolution:
      {
        integrity: sha512-DM9dm3FnIBSyiSJ1FLavKwl/lk3oAmTaynCzZQ9pZR0ncRPquSxkxd8Nu2MFILxmDDsPkxKsSNEh9mHHMty4Fw==,
      }

  "@cloudflare/kv-asset-handler@0.5.0":
    resolution:
      {
        integrity: sha512-jxQYkj8dSIzc0cD6cMMNdOc1UVjqSqu8BZdor5s8cGjW2I8BjODt/kWPVdY+u9zj3ms75Q5qaZgnxUad83+eAg==,
      }
    engines: { node: ">=22.0.0" }

  "@cloudflare/unenv-preset@2.16.1":
    resolution:
      {
        integrity: sha512-ECxObrMfyTl5bhQf/lZCXwo5G6xX9IAUo+nDMKK4SZ8m4Jvvxp52vilxyySSWh2YTZz8+HQ07qGH/2rEom1vDw==,
      }
    peerDependencies:
      unenv: 2.0.0-rc.24
      workerd: ">1.20260305.0 <2.0.0-0"
    peerDependenciesMeta:
      workerd:
        optional: true

  "@cloudflare/workerd-darwin-64@1.20260911.1":
    resolution:
      {
        integrity: sha512-785eaY1bkR1cm4Z/PCUeteZYmTMe6lre2zz63/GdGGimsoMsKxgl4brFPRukim8iv28EyD1XoCB/VPYF20BERA==,
      }
    engines: { node: ">=16" }
    cpu: [x64]
    os: [darwin]

  "@cloudflare/workerd-darwin-arm64@1.20260911.1":
    resolution:
      {
        integrity: sha512-WU4bFqEN0H7ndGWxoedegv95DmNVBtv0ncXcHG9nYFTUI78sxEb0qoT3U6Ga4hyBkzsJFBX/zvVBIGX3qKldGA==,
      }
    engines: { node: ">=16" }
    cpu: [arm64]
    os: [darwin]

  "@cloudflare/workerd-linux-64@1.20260911.1":
    resolution:
      {
        integrity: sha512-0Y2gy62oxQxWa38qinSPE6zNL5+JmumJtDY9AWW1HB8KHuATxN71o5MGzmVFfB8PwZsiHfUd2Sv7O22krCOrhw==,
      }
    engines: { node: ">=16" }
    cpu: [x64]
    os: [linux]

  "@cloudflare/workerd-linux-arm64@1.20260911.1":
    resolution:
      {
        integrity: sha512-kttNPnx1r2lCqFUoMH62z7CqGV+j4QBbw5fdtaz4pzOrzBv0AWkNATt7onFUe+SwP8zhcepMtbm2F4kKzTf6VA==,
      }
    engines: { node: ">=16" }
    cpu: [arm64]
    os: [linux]

  "@cloudflare/workerd-windows-64@1.20260911.1":
    resolution:
      {
        integrity: sha512-5iO/YfoBDOgO3CrHdkiiVP8SL3O2jC+c6Ux3d378TSPKLhU5+CgHjtE/ZSodWQrzr4FzFRqdW8S7n5nbyD1MHQ==,
      }
    engines: { node: ">=16" }
    cpu: [x64]
    os: [win32]

  "@cloudflare/workers-types@5.20260914.1":
    resolution:
      {
        integrity: sha512-9xGgkvmG1lw0QdKJmSR5YNXaA221DfefpDCfPLz5PlzdYU0BXzxONQoWakLXTsFIz8xtsNfeUg+mbspIA5P4Xg==,
      }

  "@cspotcode/source-map-support@0.8.1":
    resolution:
      {
        integrity: sha512-IchNf6dN4tHoMFIn/7OE8LWZ19Y6q/67Bmf6vnGREv8RSbBVb9LPJxEcnwrcwX6ixSvaiGoomAUvu4YSxXrVgw==,
      }
    engines: { node: ">=12" }

  "@emnapi/runtime@1.11.3":
    resolution:
      {
        integrity: sha512-Xz4Tpyki7XyrpbUK1jR1AhdAdaXyhhY4lZ3neLodmhpuWfy2PAQN5B46sAiU4liOXGLkHypn/qU+jvfWSCYYLA==,
      }

  "@esbuild/aix-ppc64@0.28.1":
    resolution:
      {
        integrity: sha512-Svl7tq8k/08+p6CXPpRjQ1fKX+1odH/BQbb48fV6fj3CWHhsoIOoY87w1oHXm0qEpkIK3ZfVgp0hed3XBXzXMQ==,
      }
    engines: { node: ">=18" }
    cpu: [ppc64]
    os: [aix]

  "@esbuild/android-arm64@0.28.1":
    resolution:
      {
        integrity: sha512-34EGEbCIAgosYz6goLcopX6Mo7NyGv9tfwEM2/7Ce2VcVRk568iSvniGWcUXIy7wEDR1wzolcxcriFVrWYcwBg==,
      }
    engines: { node: ">=18" }
    cpu: [arm64]
    os: [android]

  "@esbuild/android-arm@0.28.1":
    resolution:
      {
        integrity: sha512-0k2F129Xdio1TdJfzJ8sy1Q47vUD2NnwdhiAf7drUN1EBTfPf4hsFCtmMgu/6m8JSzsBrlmVjudMBQqOfG8usQ==,
      }
    engines: { node: ">=18" }
    cpu: [arm]
    os: [android]

  "@esbuild/android-x64@0.28.1":
    resolution:
      {
        integrity: sha512-dbwY7ltSMDWsRatcRpCnES4F+im88OCUgGZjy52shC7GqHRE/cYlxNbB4Z4UpJswpcc4Qxd2oE/ufM0p61IKng==,
      }
    engines: { node: ">=18" }
    cpu: [x64]
    os: [android]

  "@esbuild/darwin-arm64@0.28.1":
    resolution:
      {
        integrity: sha512-TZbWkQY7kvTAXbXUT7uVACR5cMHsDiSz9z7ZKAX/RTq/WJEk3QyRr0wZpNhBDX+/0CtdqUIJlOiodQcta6tY3Q==,
      }
    engines: { node: ">=18" }
    cpu: [arm64]
    os: [darwin]

  "@esbuild/darwin-x64@0.28.1":
    resolution:
      {
        integrity: sha512-zfdzgK9ACBNZLI/CyHTOx81SyNbM6YXn7rxSgX97VjyiPl9W1i4Ka4fgKECEoFCKGpvBj5qArWIGgQjOwkgskQ==,
      }
    engines: { node: ">=18" }
    cpu: [x64]
    os: [darwin]

  "@esbuild/freebsd-arm64@0.28.1":
    resolution:
      {
        integrity: sha512-wG2EA8ENdEI0qhkSZMjfqrdY+ziCYCPMmtZjjIwOmXFjmyzEHn+UUxk5of+SYsjtfs3VpnlC7QLzSI5hY/rOAw==,
      }
    engines: { node: ">=18" }
    cpu: [arm64]
    os: [freebsd]

  "@esbuild/freebsd-x64@0.28.1":
    resolution:
      {
        integrity: sha512-i7dZ9vQgnvSCzi/rYCXNgtF/U+eKZNJBzu3eTQbRgHnM7tNSizLOkRFAl3qzVc/Op/u5YkHHa4pf/3DOYHthLQ==,
      }
    engines: { node: ">=18" }
    cpu: [x64]
    os: [freebsd]

  "@esbuild/linux-arm64@0.28.1":
    resolution:
      {
        integrity: sha512-yHs+0uc8+nvEAfAfxrWQKK5peSNzBc4PegcMO0EJ2hT71uA7vB8Ihg2e77R2P7SG5uYjPbHlLLmve4LLLRCf0g==,
      }
    engines: { node: ">=18" }
    cpu: [arm64]
    os: [linux]

  "@esbuild/linux-arm@0.28.1":
    resolution:
      {
        integrity: sha512-qVXBOHQS+d5Y722GwJzJUtOLlX7km3CraOaGormF1pDtPd2C/l1SHRPgjLunLGe51Sh5YYWKMFDyV4SxgMQYTQ==,
      }
    engines: { node: ">=18" }
    cpu: [arm]
    os: [linux]

  "@esbuild/linux-ia32@0.28.1":
    resolution:
      {
        integrity: sha512-d1z4ZuP0ajrfz/FhGT4vv278rX8KnPPJx8i5+AtK7TYbx9Le9F1hyzurZpkEyjkGa9dUGhQow4C1NmeGvqxN2w==,
      }
    engines: { node: ">=18" }
    cpu: [ia32]
    os: [linux]

  "@esbuild/linux-loong64@0.28.1":
    resolution:
      {
        integrity: sha512-M5sRjUVZrkm1OAPR3dlOYzNmN+loZKGVi1VUQGrwuqLcbR6qeAz+famMhjASeH3YVKvZz+zT1jlh/keC3Rj/lg==,
      }
    engines: { node: ">=18" }
    cpu: [loong64]
    os: [linux]

  "@esbuild/linux-mips64el@0.28.1":
    resolution:
      {
        integrity: sha512-mRObBZeHh2OxcBFPWE/FjylkRgZdYuiTR3vaTozquCGOH14iP9oN4x4Ge81CoIDYQrXmIxpFumJBu5MtZpnQJQ==,
      }
    engines: { node: ">=18" }
    cpu: [mips64el]
    os: [linux]

  "@esbuild/linux-ppc64@0.28.1":
    resolution:
      {
        integrity: sha512-slScBsMAb3GFDcdrCgLwZtPYRoH2H/youv10QiZyRjmsP48fznoveWytSgCI/R0ZcUgpc0ZhIUEx6LHts8yrfQ==,
      }
    engines: { node: ">=18" }
    cpu: [ppc64]
    os: [linux]

  "@esbuild/linux-riscv64@0.28.1":
    resolution:
      {
        integrity: sha512-kw0owk1o0GFETUJyW0jc0G4Yzs0BHZn0JDZ8JRT088vjJYX777BAs1fDGxAC+q831qOs2DTC96mNsG2opdfyyQ==,
      }
    engines: { node: ">=18" }
    cpu: [riscv64]
    os: [linux]

  "@esbuild/linux-s390x@0.28.1":
    resolution:
      {
        integrity: sha512-/lAIjX8aYFRByhh6L5rYtPEDRqa9de/4V/juOXcta5frjvzXO4/sqEtyytse0g3zZFuWu5cDN0MkLz2qRDD2Ag==,
      }
    engines: { node: ">=18" }
    cpu: [s390x]
    os: [linux]

  "@esbuild/linux-x64@0.28.1":
    resolution:
      {
        integrity: sha512-u/anNYF2mmVOEDwLtnQ1wOr3EZ9sTNGLWrsYGYwHWzGA3Si84IOkHXlbWTD1NB+9/1lcnweYKO54uhxZydNzfA==,
      }
    engines: { node: ">=18" }
    cpu: [x64]
    os: [linux]

  "@esbuild/netbsd-arm64@0.28.1":
    resolution:
      {
        integrity: sha512-oks0DYbLwWMmaakTsCb+zL4E+aHRVLom9IJZOAthMQEPiQmydXHkziYEsGYRx0uNV/IjEKGAV941JzH02pflqw==,
      }
    engines: { node: ">=18" }
    cpu: [arm64]
    os: [netbsd]

  "@esbuild/netbsd-x64@0.28.1":
    resolution:
      {
        integrity: sha512-aeL6lAnN89Hz43Mlh1G8ARasbuoYvSITDEx0tHh5b7jJnHcssqgjy9Yx430GDpmCa6OyrKoS0aNRjKundRizGg==,
      }
    engines: { node: ">=18" }
    cpu: [x64]
    os: [netbsd]

  "@esbuild/openbsd-arm64@0.28.1":
    resolution:
      {
        integrity: sha512-MEFJe5C3R8pwXdZ5Y21oo6m7ePiS0d9pWucn99O/wvyJZChoIQKrQDxKrGeW8F5+T0okTHesAmDeiHDTIq0V/Q==,
      }
    engines: { node: ">=18" }
    cpu: [arm64]
    os: [openbsd]

  "@esbuild/openbsd-x64@0.28.1":
    resolution:
      {
        integrity: sha512-i/ZLIOafE0Z8cI/XANJAixoJL/uRAoS2xOA3rb0xN+KK0K177cMAsQYkzHtBrtMXAKuAc7HGgcWiZ/sRC1Nxgw==,
      }
    engines: { node: ">=18" }
    cpu: [x64]
    os: [openbsd]

  "@esbuild/openharmony-arm64@0.28.1":
    resolution:
      {
        integrity: sha512-ge+Z7EXFNt2BO1oAMsVpiQ8EwndV9i1xXerAeTIK7AtPs3bKFXQM7nlRxDSIUIMeueR1CNXxqztLzdNeReKBJg==,
      }
    engines: { node: ">=18" }
    cpu: [arm64]
    os: [openharmony]

  "@esbuild/sunos-x64@0.28.1":
    resolution:
      {
        integrity: sha512-BEjgtECkL3vY+SaSQ6nzVfiALUeFxpawyp8Jmf5PtYhf1Ug40N1h/hxlhts+f1FvSvarEigdxS3BlSMI2PJLcQ==,
      }
    engines: { node: ">=18" }
    cpu: [x64]
    os: [sunos]

  "@esbuild/win32-arm64@0.28.1":
    resolution:
      {
        integrity: sha512-lCv9eK/H6ZJWbE7bh2nw54CZ9M2nupBxJcTsdk/QQnWkdSjKGuxmmH8/GWrlT1eMmZfn4dGcCjRte397WqfQXA==,
      }
    engines: { node: ">=18" }
    cpu: [arm64]
    os: [win32]

  "@esbuild/win32-ia32@0.28.1":
    resolution:
      {
        integrity: sha512-zvb/mB2bSCoJOpoCBgYKKpX6YM6mJBlBUVUtVj41DlZJVEB6/0CKlRYxP5wWl1C1ILiCoAU5wZZ4q1P3qeS6Eg==,
      }
    engines: { node: ">=18" }
    cpu: [ia32]
    os: [win32]

  "@esbuild/win32-x64@0.28.1":
    resolution:
      {
        integrity: sha512-bm4Mowrv+GXMlpWX++EcXw/iLyd1o3+bJkC2DkWXYVvgZCqD/bSj9ctZeAMC3cIxgjRVR2Dufaiu4YPxr5gW1A==,
      }
    engines: { node: ">=18" }
    cpu: [x64]
    os: [win32]

  "@img/colour@1.1.0":
    resolution:
      {
        integrity: sha512-Td76q7j57o/tLVdgS746cYARfSyxk8iEfRxewL9h4OMzYhbW4TAcppl0mT4eyqXddh6L/jwoM75mo7ixa/pCeQ==,
      }
    engines: { node: ">=18" }

  "@img/sharp-darwin-arm64@0.35.4":
    resolution:
      {
        integrity: sha512-Uhfl4V4lhP2nbUVF9+hyH1+luj86f1gUFeo8ALYxFoULoU+G87D43BfeMP8XHsk9boxAnCY/bf2EHwhA7MuGsA==,
      }
    engines: { node: ">=20.9.0" }
    cpu: [arm64]
    os: [darwin]

  "@img/sharp-darwin-x64@0.35.4":
    resolution:
      {
        integrity: sha512-hWniXY3bG5qKpkKrAwPe4y+VTPmf086YQAnkxWh7uA1YrlRouWGa0M0Mxj3ZjnXFkv7/TD1bTy9lGUK26vRvWw==,
      }
    engines: { node: ">=20.9.0" }
    cpu: [x64]
    os: [darwin]

  "@img/sharp-freebsd-wasm32@0.35.4":
    resolution:
      {
        integrity: sha512-lIsKw/BU+kjB4eZjxrYrZmwOJYi3Ajrv66iAlBmUPyKc3HpnloevB1g3wxGD9P/5BbQ1brBGl65VRRrCvQDEqA==,
      }
    engines: { node: ">=20.9.0" }
    os: [freebsd]

  "@img/sharp-libvips-darwin-arm64@1.3.3":
    resolution:
      {
        integrity: sha512-suTBPTDGrI9WodccaDdwZItTSaBYASlBk1NSfElSHrUfzu3szG6lvIF58+WiFvnfzuK8ZBFS5zE00PxqxnRiPg==,
      }
    cpu: [arm64]
    os: [darwin]

  "@img/sharp-libvips-darwin-x64@1.3.3":
    resolution:
      {
        integrity: sha512-FVJZ5mITMobmXIz/hPDTw0EintTW5H3WfrxwLqEqjiIihlu+hVRyGrFQ60xl0Lxn7Bt3zdpevPaQi0HEzqz9fw==,
      }
    cpu: [x64]
    os: [darwin]

  "@img/sharp-libvips-linux-arm64@1.3.3":
    resolution:
      {
        integrity: sha512-0DaL0A6Xu6sQSQFwe4iVCrKWU2cCTItnRsYsCdxAMm9NF6twAA9BKnoqy4hqz4+azQ0JHuA26qiUKsf1XJ/v5A==,
      }
    cpu: [arm64]
    os: [linux]

  "@img/sharp-libvips-linux-arm@1.3.3":
    resolution:
      {
        integrity: sha512-3rbU4vqXXc3hY/OiXdl52xZvT0F1yEngWfvqudtPJg/KkyiaQw2DRsFrNzpmLvfavbwOq3qXn36GP8obHRULQA==,
      }
    cpu: [arm]
    os: [linux]

  "@img/sharp-libvips-linux-ppc64@1.3.3":
    resolution:
      {
        integrity: sha512-cdn1OvUBwsXhbC0zSzJnNzf5MZ/mTrobawDvNXBTxe8VtqKAm0sRuEY2Evzovb/w9JMk4TvRxqt1mekSuJz64w==,
      }
    cpu: [ppc64]
    os: [linux]

  "@img/sharp-libvips-linux-riscv64@1.3.3":
    resolution:
      {
        integrity: sha512-HjPVx7yKz+0lqdhDlTw1tt90wamBoxhiXpvl1XZpJLiHH4RCJ5yDTqH+VlYPv2fwFs89JFw4c1IexYOcQUi4IQ==,
      }
    cpu: [riscv64]
    os: [linux]

  "@img/sharp-libvips-linux-s390x@1.3.3":
    resolution:
      {
        integrity: sha512-neWLh+3yCNThxnfy3c4BbVBeGgt9aftno+XbT56iK28RgeDs3UOFWviLWlUu0bArYVYJaFDK+RRohbicUNCm8Q==,
      }
    cpu: [s390x]
    os: [linux]

  "@img/sharp-libvips-linux-x64@1.3.3":
    resolution:
      {
        integrity: sha512-4vKmvAst9nrowcqquKFAyZJUDolUaIp8uRiN0mWFguJ1IplC9/pitXtlnnlU4aa/eJw3J7i67V+pwUL+wZGdsA==,
      }
    cpu: [x64]
    os: [linux]

  "@img/sharp-libvips-linuxmusl-arm64@1.3.3":
    resolution:
      {
        integrity: sha512-Y9kQaLMuNoB0bPYOOdcZMaseNrFpPodIWWMrx+CZyydf2xn68j9WYc6sWWRrDwNkzCQjKYfc68L7jKjGlHMibw==,
      }
    cpu: [arm64]
    os: [linux]

  "@img/sharp-libvips-linuxmusl-x64@1.3.3":
    resolution:
      {
        integrity: sha512-fj8Mv0HHfD1Rr+4I68+3agJynxDWtBFgicTbSOb9Bke6pIwzGcJ+RX/yHjmiEGFMCavY/dxvem7MyNaJF+wDiw==,
      }
    cpu: [x64]
    os: [linux]

  "@img/sharp-linux-arm64@0.35.4":
    resolution:
      {
        integrity: sha512-De4jpEnAU8Hd5oT0j1G3uL4ZvTuipVMn7YC6vPaJhy6/7EwEae0SVAoBrUMYQbkLGDm85taVWwuPc1a44LTzCQ==,
      }
    engines: { node: ">=20.9.0" }
    cpu: [arm64]
    os: [linux]

  "@img/sharp-linux-arm@0.35.4":
    resolution:
      {
        integrity: sha512-7OAS8gI0EReKGVN2HssHlM6umJgxF5VI3xN0p9FA91p/YO+ou5hiNghLdZ5BEHztwaaK5+bLKRf8x/o2L2nk9A==,
      }
    engines: { node: ">=20.9.0" }
    cpu: [arm]
    os: [linux]

  "@img/sharp-linux-ppc64@0.35.4":
    resolution:
      {
        integrity: sha512-2oYZJeIl4kCcMGk4ouZVjnkCtFrpQFlNEtJ6GbxzhHQchwH0NH/qEb9ykmOl29dqwMq+JhFdZn+1ak2FKhI9fQ==,
      }
    engines: { node: ">=20.9.0" }
    cpu: [ppc64]
    os: [linux]

  "@img/sharp-linux-riscv64@0.35.4":
    resolution:
      {
        integrity: sha512-cPbNChoRURAWdebDIHSenxRpgEdy7JkPydSnUxRm9VvKD7m0/xVaR/8Fzlu81pk5nHEvHH87UZUA7cTtwnbJSA==,
      }
    engines: { node: ">=20.9.0" }
    cpu: [riscv64]
    os: [linux]

  "@img/sharp-linux-s390x@0.35.4":
    resolution:
      {
        integrity: sha512-RY0JFY8Fd6RonCBtHz+DvadaPkXDSI1AUn6yWL9TipqkZ1vY8w8evqdgyDFnkm4/K1ve1TvZiaePP5oSd4+WVQ==,
      }
    engines: { node: ">=20.9.0" }
    cpu: [s390x]
    os: [linux]

  "@img/sharp-linux-x64@0.35.4":
    resolution:
      {
        integrity: sha512-9qvvEAuk8k89TfWUoX2htWjbAMX8p+NxCppjpcg5k6xMsjhBQPTsoIh36h9Qde4WRuGpJeYnOjdosDn/cnv+OA==,
      }
    engines: { node: ">=20.9.0" }
    cpu: [x64]
    os: [linux]

  "@img/sharp-linuxmusl-arm64@0.35.4":
    resolution:
      {
        integrity: sha512-KB5jxpfWQTr0nc3xdHtWChdbifHrBGsd2SM62Eyxrl8afikm+f5qGBU75SJIZBT/S1MC8XyacdlXBMSWq6OURA==,
      }
    engines: { node: ">=20.9.0" }
    cpu: [arm64]
    os: [linux]

  "@img/sharp-linuxmusl-x64@0.35.4":
    resolution:
      {
        integrity: sha512-f+eZJZIQNEEd26RPSW+76chwOf1XtA2Y/O+5ocVyLliHkeih3e+jhLVBdNTd2rS3IbNXK8+ug93Vf5ZXtF5Lxg==,
      }
    engines: { node: ">=20.9.0" }
    cpu: [x64]
    os: [linux]

  "@img/sharp-wasm32@0.35.4":
    resolution:
      {
        integrity: sha512-zQnl4Kwp7Q6NHsENtU2T/00Zi+w3AQNwz3+UaTyVBy2FpXrzXzGjndpK61onhZjRtRpQXxCTeqw19bVyXOh7jA==,
      }
    engines: { node: ">=20.9.0" }

  "@img/sharp-webcontainers-wasm32@0.35.4":
    resolution:
      {
        integrity: sha512-ESfNkywmCfPNyaZjxooddJQiQ+l/nTpGEOGthxiLnIHXC/CmcBixnfwUleX9mCz9ovrUUvKMap/pm8RYbzfwaA==,
      }
    engines: { node: ">=20.9.0" }
    cpu: [wasm32]

  "@img/sharp-win32-arm64@0.35.4":
    resolution:
      {
        integrity: sha512-iNdlBX9gLVvqe2I3uIJSIKTq6wckP/DYxZtcqxm09x5Gi24DnFBmPAWZmr60ZyYMG0xlzo6goG3670ar+RXvRw==,
      }
    engines: { node: ">=20.9.0" }
    cpu: [arm64]
    os: [win32]

  "@img/sharp-win32-ia32@0.35.4":
    resolution:
      {
        integrity: sha512-kqRsbaa5CS6KHlpxnN7WhE6vAAugXyZButpRdvDWetlv6Qv4N9WTcrWzF7tXfB9T7MsoadqdI8hmwLq6UlLvtw==,
      }
    engines: { node: ^20.9.0 }
    cpu: [ia32]
    os: [win32]

  "@img/sharp-win32-x64@0.35.4":
    resolution:
      {
        integrity: sha512-XtmnYhBcrORsJ4XJngyzr/EWP0hRZLAZRFaApdKuviyqF78+ylxh2y06ZmtULAMOnObJ3ucpN0AcwSWnMowTRg==,
      }
    engines: { node: ">=20.9.0" }
    cpu: [x64]
    os: [win32]

  "@jridgewell/resolve-uri@3.1.2":
    resolution:
      {
        integrity: sha512-bRISgCIjP20/tbWSPWMEi54QVPRZExkuD9lJL+UIxUKtwVJA8wW1Trb1jMs1RFXo1CBTNZ/5hpC9QvmKWdopKw==,
      }
    engines: { node: ">=6.0.0" }

  "@jridgewell/sourcemap-codec@1.6.0":
    resolution:
      {
        integrity: sha512-T7jf+5zgsZHwNJ4lvQ7/aezbyk0nNX+zJVWpmHA7VYsEx7a7qr5Rg5IbtJFqkgze5Y2sruq1RUY8Q837Od7iFw==,
      }

  "@jridgewell/trace-mapping@0.3.9":
    resolution:
      {
        integrity: sha512-3Belt6tdc8bPgAtbcmdtNJlirVoTmEb5e2gC94PnkwEW9jI6CAHUeoG85tjWP5WquqfavoMtMwiG4P926ZKKuQ==,
      }

  "@poppinss/colors@4.1.6":
    resolution:
      {
        integrity: sha512-H9xkIdFswbS8n1d6vmRd8+c10t2Qe+rZITbbDHHkQixH5+2x1FDGmi/0K+WgWiqQFKPSlIYB7jlH6Kpfn6Fleg==,
      }

  "@poppinss/dumper@0.6.5":
    resolution:
      {
        integrity: sha512-NBdYIb90J7LfOI32dOewKI1r7wnkiH6m920puQ3qHUeZkxNkQiFnXVWoE6YtFSv6QOiPPf7ys6i+HWWecDz7sw==,
      }

  "@poppinss/exception@1.2.3":
    resolution:
      {
        integrity: sha512-dCED+QRChTVatE9ibtoaxc+WkdzOSjYTKi/+uacHWIsfodVfpsueo3+DKpgU5Px8qXjgmXkSvhXvSCz3fnP9lw==,
      }

  "@sindresorhus/is@7.2.0":
    resolution:
      {
        integrity: sha512-P1Cz1dWaFfR4IR+U13mqqiGsLFf1KbayybWwdd2vfctdV6hDpUkgCY0nKOLLTMSoRd/jJNjtbqzf13K8DCCXQw==,
      }
    engines: { node: ">=18" }

  "@speed-highlight/core@1.2.24":
    resolution:
      {
        integrity: sha512-qeW2e1l78afw8VhRPfPQ1Gjj+KU5XFQ/OFV5ti6eTa9bruO7mJyZtA4vw0ofqmA3tKCkROE9xLk3VZoeRc98nw==,
      }

  blake3-wasm@2.1.5:
    resolution:
      {
        integrity: sha512-F1+K8EbfOZE49dtoPtmxUQrpXaBIl3ICvasLh+nJta0xkz+9kF/7uet9fLnwKqhDrmj6g+6K3Tw9yQPUg2ka5g==,
      }

  cookie@1.1.1:
    resolution:
      {
        integrity: sha512-ei8Aos7ja0weRpFzJnEA9UHJ/7XQmqglbRwnf2ATjcB9Wq874VKH9kfjjirM6UhU2/E5fFYadylyhFldcqSidQ==,
      }
    engines: { node: ">=18" }

  detect-libc@2.1.2:
    resolution:
      {
        integrity: sha512-Btj2BOOO83o3WyH59e8MgXsxEQVcarkUOpEYrubB0urwnN10yQ364rsiByU11nZlqWYZm05i/of7io4mzihBtQ==,
      }
    engines: { node: ">=8" }

  error-stack-parser-es@1.0.5:
    resolution:
      {
        integrity: sha512-5qucVt2XcuGMcEGgWI7i+yZpmpByQ8J1lHhcL7PwqCwu9FPP3VUXzT4ltHe5i2z9dePwEHcDVOAfSnHsOlCXRA==,
      }

  esbuild@0.28.1:
    resolution:
      {
        integrity: sha512-HrJrvZv5ayxBzPfwphOoNzkzOIIlifzk0KJrGK2c8R4+LKpMtpYLQeUdjnwjWv/LZlkH2laZk+4w78pi99D4Vw==,
      }
    engines: { node: ">=18" }
    hasBin: true

  fsevents@2.3.3:
    resolution:
      {
        integrity: sha512-5xoDfX+fL7faATnagmWPpbFtwh/R77WmMMqqHGS65C3vvB0YHrgF+B1YmZ3441tMj5n63k0212XNoJwzlhffQw==,
      }
    engines: { node: ^8.16.0 || ^10.6.0 || >=11.0.0 }
    os: [darwin]

  kleur@4.1.5:
    resolution:
      {
        integrity: sha512-o+NO+8WrRiQEE4/7nwRJhN1HWpVmJm511pBHUxPLtp0BUISzlBplORYSmTclCnJvQq2tKu/sgl3xVpkc7ZWuQQ==,
      }
    engines: { node: ">=6" }

  miniflare@5.20260911.1-alpha:
    resolution:
      {
        integrity: sha512-7IDj9monoYcCPrS8HfcTt90T3pDwKGvNEAR1Y061KbJhBd5JkStOwOpHMUDFBo9PEbjWVDxPICAnXGNNV2LNfQ==,
      }
    engines: { node: ">=22.0.0" }

  path-to-regexp@6.3.0:
    resolution:
      {
        integrity: sha512-Yhpw4T9C6hPpgPeA28us07OJeqZ5EzQTkbfwuhsUg0c237RomFoETJgmp2sa3F/41gfLE6G5cqcYwznmeEeOlQ==,
      }

  pathe@2.0.3:
    resolution:
      {
        integrity: sha512-WUjGcAqP1gQacoQe+OBJsFA7Ld4DyXuUIjZ5cc75cLHvJ7dtNsTugphxIADwspS+AraAUePCKrSVtPLFj/F88w==,
      }

  semver@7.8.5:
    resolution:
      {
        integrity: sha512-Y7/KDsb8LjooZpwaqGyulO6DQlksgCncchHGk+sZIY4SBvUocMBEFH5Ur1fI4dV+Jvl0w6cjvucaIi40puRioA==,
      }
    engines: { node: ">=10" }
    hasBin: true

  sharp@0.35.4:
    resolution:
      {
        integrity: sha512-n++8XWcj+jCOr2IOl7h8LbKnGBDY4aPbmprMONBNFdn0ImXqpGVv5zliDs0V9HbmbCQLpbuo2ej9rAoOQTvMDA==,
      }
    engines: { node: ">=20.9.0" }
    peerDependencies:
      "@types/node": "*"
    peerDependenciesMeta:
      "@types/node":
        optional: true

  supports-color@10.2.2:
    resolution:
      {
        integrity: sha512-SS+jx45GF1QjgEXQx4NJZV9ImqmO2NPz5FNsIHrsDjh2YsHnawpan7SNQ1o8NuhrbHZy9AZhIoCUiCeaW/C80g==,
      }
    engines: { node: ">=18" }

  tslib@2.8.1:
    resolution:
      {
        integrity: sha512-oJFu94HQb+KVduSUQL7wnpmqnfmLsOA/nAh6b6EH0wCEoK0/mPeXU6c3wKDV83MkOuHPRHtSXKKU99IBazS/2w==,
      }

  typescript@5.9.3:
    resolution:
      {
        integrity: sha512-jl1vZzPDinLr9eUt3J/t7V6FgNEw9QjvBPdysz9KfQDD41fQrC2Y4vKQdiaUpFT4bXlb1RHhLpp8wtm6M5TgSw==,
      }
    engines: { node: ">=14.17" }
    hasBin: true

  undici@7.29.0:
    resolution:
      {
        integrity: sha512-IDxfleLmmbSskfWSUATiN1nfn2rDuvnMOqb5CWR92iIfojA0Ud+ulOAAEQ57LPr9rWmsreUyf5lwyao+7GNNVw==,
      }
    engines: { node: ">=20.18.1" }

  unenv@2.0.0-rc.24:
    resolution:
      {
        integrity: sha512-i7qRCmY42zmCwnYlh9H2SvLEypEFGye5iRmEMKjcGi7zk9UquigRjFtTLz0TYqr0ZGLZhaMHl/foy1bZR+Cwlw==,
      }

  workerd@1.20260911.1:
    resolution:
      {
        integrity: sha512-vRr8QdBxueQOZJO1hRCI73EZlix87IAyBAcSyI3rA1VB+6oxjw3oaqzYnIV8C4IOPtUgihbdMAgzkb5GM4V7DQ==,
      }
    engines: { node: ">=16" }
    hasBin: true

  wrangler@4.131.2:
    resolution:
      {
        integrity: sha512-jmkGE7monbPKyYQr1FPQN+SARVhddqw2fhXOmTKCw4lroqlFGSS6rit/RTvPi/qzNLKrXxkS8DhWXasJnStplg==,
      }
    engines: { node: ">=22.0.0" }
    hasBin: true
    peerDependencies:
      "@cloudflare/workers-types": ^5.20260911.1
    peerDependenciesMeta:
      "@cloudflare/workers-types":
        optional: true

  ws@8.21.0:
    resolution:
      {
        integrity: sha512-Vsp28b7DRcimFQvrqu2Wek3z1iYxDCWqHYB8Qsnk/S4RfaCQzPGPyBNuVjJV3cd6UiKtUtp6sNM77gWvzcCH+g==,
      }
    engines: { node: ">=10.0.0" }
    peerDependencies:
      bufferutil: ^4.0.1
      utf-8-validate: ">=5.0.2"
    peerDependenciesMeta:
      bufferutil:
        optional: true
      utf-8-validate:
        optional: true

  youch-core@0.3.3:
    resolution:
      {
        integrity: sha512-ho7XuGjLaJ2hWHoK8yFnsUGy2Y5uDpqSTq1FkHLK4/oqKtyUU1AFbOOxY4IpC9f0fTLjwYbslUz0Po5BpD1wrA==,
      }

  youch@4.1.0-beta.10:
    resolution:
      {
        integrity: sha512-rLfVLB4FgQneDr0dv1oddCVZmKjcJ6yX6mS4pU82Mq/Dt9a3cLZQ62pDBL4AUO+uVrCvtWz3ZFUL2HFAFJ/BXQ==,
      }

snapshots:
  "@cloudflare/containers@0.3.7": {}

  "@cloudflare/kv-asset-handler@0.5.0": {}

  "@cloudflare/unenv-preset@2.16.1(unenv@2.0.0-rc.24)(workerd@1.20260911.1)":
    dependencies:
      unenv: 2.0.0-rc.24
    optionalDependencies:
      workerd: 1.20260911.1

  "@cloudflare/workerd-darwin-64@1.20260911.1":
    optional: true

  "@cloudflare/workerd-darwin-arm64@1.20260911.1":
    optional: true

  "@cloudflare/workerd-linux-64@1.20260911.1":
    optional: true

  "@cloudflare/workerd-linux-arm64@1.20260911.1":
    optional: true

  "@cloudflare/workerd-windows-64@1.20260911.1":
    optional: true

  "@cloudflare/workers-types@5.20260914.1": {}

  "@cspotcode/source-map-support@0.8.1":
    dependencies:
      "@jridgewell/trace-mapping": 0.3.9

  "@emnapi/runtime@1.11.3":
    dependencies:
      tslib: 2.8.1
    optional: true

  "@esbuild/aix-ppc64@0.28.1":
    optional: true

  "@esbuild/android-arm64@0.28.1":
    optional: true

  "@esbuild/android-arm@0.28.1":
    optional: true

  "@esbuild/android-x64@0.28.1":
    optional: true

  "@esbuild/darwin-arm64@0.28.1":
    optional: true

  "@esbuild/darwin-x64@0.28.1":
    optional: true

  "@esbuild/freebsd-arm64@0.28.1":
    optional: true

  "@esbuild/freebsd-x64@0.28.1":
    optional: true

  "@esbuild/linux-arm64@0.28.1":
    optional: true

  "@esbuild/linux-arm@0.28.1":
    optional: true

  "@esbuild/linux-ia32@0.28.1":
    optional: true

  "@esbuild/linux-loong64@0.28.1":
    optional: true

  "@esbuild/linux-mips64el@0.28.1":
    optional: true

  "@esbuild/linux-ppc64@0.28.1":
    optional: true

  "@esbuild/linux-riscv64@0.28.1":
    optional: true

  "@esbuild/linux-s390x@0.28.1":
    optional: true

  "@esbuild/linux-x64@0.28.1":
    optional: true

  "@esbuild/netbsd-arm64@0.28.1":
    optional: true

  "@esbuild/netbsd-x64@0.28.1":
    optional: true

  "@esbuild/openbsd-arm64@0.28.1":
    optional: true

  "@esbuild/openbsd-x64@0.28.1":
    optional: true

  "@esbuild/openharmony-arm64@0.28.1":
    optional: true

  "@esbuild/sunos-x64@0.28.1":
    optional: true

  "@esbuild/win32-arm64@0.28.1":
    optional: true

  "@esbuild/win32-ia32@0.28.1":
    optional: true

  "@esbuild/win32-x64@0.28.1":
    optional: true

  "@img/colour@1.1.0": {}

  "@img/sharp-darwin-arm64@0.35.4":
    optionalDependencies:
      "@img/sharp-libvips-darwin-arm64": 1.3.3
    optional: true

  "@img/sharp-darwin-x64@0.35.4":
    optionalDependencies:
      "@img/sharp-libvips-darwin-x64": 1.3.3
    optional: true

  "@img/sharp-freebsd-wasm32@0.35.4":
    dependencies:
      "@img/sharp-wasm32": 0.35.4
    optional: true

  "@img/sharp-libvips-darwin-arm64@1.3.3":
    optional: true

  "@img/sharp-libvips-darwin-x64@1.3.3":
    optional: true

  "@img/sharp-libvips-linux-arm64@1.3.3":
    optional: true

  "@img/sharp-libvips-linux-arm@1.3.3":
    optional: true

  "@img/sharp-libvips-linux-ppc64@1.3.3":
    optional: true

  "@img/sharp-libvips-linux-riscv64@1.3.3":
    optional: true

  "@img/sharp-libvips-linux-s390x@1.3.3":
    optional: true

  "@img/sharp-libvips-linux-x64@1.3.3":
    optional: true

  "@img/sharp-libvips-linuxmusl-arm64@1.3.3":
    optional: true

  "@img/sharp-libvips-linuxmusl-x64@1.3.3":
    optional: true

  "@img/sharp-linux-arm64@0.35.4":
    optionalDependencies:
      "@img/sharp-libvips-linux-arm64": 1.3.3
    optional: true

  "@img/sharp-linux-arm@0.35.4":
    optionalDependencies:
      "@img/sharp-libvips-linux-arm": 1.3.3
    optional: true

  "@img/sharp-linux-ppc64@0.35.4":
    optionalDependencies:
      "@img/sharp-libvips-linux-ppc64": 1.3.3
    optional: true

  "@img/sharp-linux-riscv64@0.35.4":
    optionalDependencies:
      "@img/sharp-libvips-linux-riscv64": 1.3.3
    optional: true

  "@img/sharp-linux-s390x@0.35.4":
    optionalDependencies:
      "@img/sharp-libvips-linux-s390x": 1.3.3
    optional: true

  "@img/sharp-linux-x64@0.35.4":
    optionalDependencies:
      "@img/sharp-libvips-linux-x64": 1.3.3
    optional: true

  "@img/sharp-linuxmusl-arm64@0.35.4":
    optionalDependencies:
      "@img/sharp-libvips-linuxmusl-arm64": 1.3.3
    optional: true

  "@img/sharp-linuxmusl-x64@0.35.4":
    optionalDependencies:
      "@img/sharp-libvips-linuxmusl-x64": 1.3.3
    optional: true

  "@img/sharp-wasm32@0.35.4":
    dependencies:
      "@emnapi/runtime": 1.11.3
    optional: true

  "@img/sharp-webcontainers-wasm32@0.35.4":
    dependencies:
      "@img/sharp-wasm32": 0.35.4
    optional: true

  "@img/sharp-win32-arm64@0.35.4":
    optional: true

  "@img/sharp-win32-ia32@0.35.4":
    optional: true

  "@img/sharp-win32-x64@0.35.4":
    optional: true

  "@jridgewell/resolve-uri@3.1.2": {}

  "@jridgewell/sourcemap-codec@1.6.0": {}

  "@jridgewell/trace-mapping@0.3.9":
    dependencies:
      "@jridgewell/resolve-uri": 3.1.2
      "@jridgewell/sourcemap-codec": 1.6.0

  "@poppinss/colors@4.1.6":
    dependencies:
      kleur: 4.1.5

  "@poppinss/dumper@0.6.5":
    dependencies:
      "@poppinss/colors": 4.1.6
      "@sindresorhus/is": 7.2.0
      supports-color: 10.2.2

  "@poppinss/exception@1.2.3": {}

  "@sindresorhus/is@7.2.0": {}

  "@speed-highlight/core@1.2.24": {}

  blake3-wasm@2.1.5: {}

  cookie@1.1.1: {}

  detect-libc@2.1.2: {}

  error-stack-parser-es@1.0.5: {}

  esbuild@0.28.1:
    optionalDependencies:
      "@esbuild/aix-ppc64": 0.28.1
      "@esbuild/android-arm": 0.28.1
      "@esbuild/android-arm64": 0.28.1
      "@esbuild/android-x64": 0.28.1
      "@esbuild/darwin-arm64": 0.28.1
      "@esbuild/darwin-x64": 0.28.1
      "@esbuild/freebsd-arm64": 0.28.1
      "@esbuild/freebsd-x64": 0.28.1
      "@esbuild/linux-arm": 0.28.1
      "@esbuild/linux-arm64": 0.28.1
      "@esbuild/linux-ia32": 0.28.1
      "@esbuild/linux-loong64": 0.28.1
      "@esbuild/linux-mips64el": 0.28.1
      "@esbuild/linux-ppc64": 0.28.1
      "@esbuild/linux-riscv64": 0.28.1
      "@esbuild/linux-s390x": 0.28.1
      "@esbuild/linux-x64": 0.28.1
      "@esbuild/netbsd-arm64": 0.28.1
      "@esbuild/netbsd-x64": 0.28.1
      "@esbuild/openbsd-arm64": 0.28.1
      "@esbuild/openbsd-x64": 0.28.1
      "@esbuild/openharmony-arm64": 0.28.1
      "@esbuild/sunos-x64": 0.28.1
      "@esbuild/win32-arm64": 0.28.1
      "@esbuild/win32-ia32": 0.28.1
      "@esbuild/win32-x64": 0.28.1

  fsevents@2.3.3:
    optional: true

  kleur@4.1.5: {}

  miniflare@5.20260911.1-alpha:
    dependencies:
      "@cspotcode/source-map-support": 0.8.1
      sharp: 0.35.4
      undici: 7.29.0
      workerd: 1.20260911.1
      ws: 8.21.0
      youch: 4.1.0-beta.10
    transitivePeerDependencies:
      - "@types/node"
      - bufferutil
      - utf-8-validate

  path-to-regexp@6.3.0: {}

  pathe@2.0.3: {}

  semver@7.8.5: {}

  sharp@0.35.4:
    dependencies:
      "@img/colour": 1.1.0
      detect-libc: 2.1.2
      semver: 7.8.5
    optionalDependencies:
      "@img/sharp-darwin-arm64": 0.35.4
      "@img/sharp-darwin-x64": 0.35.4
      "@img/sharp-freebsd-wasm32": 0.35.4
      "@img/sharp-libvips-darwin-arm64": 1.3.3
      "@img/sharp-libvips-darwin-x64": 1.3.3
      "@img/sharp-libvips-linux-arm": 1.3.3
      "@img/sharp-libvips-linux-arm64": 1.3.3
      "@img/sharp-libvips-linux-ppc64": 1.3.3
      "@img/sharp-libvips-linux-riscv64": 1.3.3
      "@img/sharp-libvips-linux-s390x": 1.3.3
      "@img/sharp-libvips-linux-x64": 1.3.3
      "@img/sharp-libvips-linuxmusl-arm64": 1.3.3
      "@img/sharp-libvips-linuxmusl-x64": 1.3.3
      "@img/sharp-linux-arm": 0.35.4
      "@img/sharp-linux-arm64": 0.35.4
      "@img/sharp-linux-ppc64": 0.35.4
      "@img/sharp-linux-riscv64": 0.35.4
      "@img/sharp-linux-s390x": 0.35.4
      "@img/sharp-linux-x64": 0.35.4
      "@img/sharp-linuxmusl-arm64": 0.35.4
      "@img/sharp-linuxmusl-x64": 0.35.4
      "@img/sharp-webcontainers-wasm32": 0.35.4
      "@img/sharp-win32-arm64": 0.35.4
      "@img/sharp-win32-ia32": 0.35.4
      "@img/sharp-win32-x64": 0.35.4

  supports-color@10.2.2: {}

  tslib@2.8.1:
    optional: true

  typescript@5.9.3: {}

  undici@7.29.0: {}

  unenv@2.0.0-rc.24:
    dependencies:
      pathe: 2.0.3

  workerd@1.20260911.1:
    optionalDependencies:
      "@cloudflare/workerd-darwin-64": 1.20260911.1
      "@cloudflare/workerd-darwin-arm64": 1.20260911.1
      "@cloudflare/workerd-linux-64": 1.20260911.1
      "@cloudflare/workerd-linux-arm64": 1.20260911.1
      "@cloudflare/workerd-windows-64": 1.20260911.1

  wrangler@4.131.2(@cloudflare/workers-types@5.20260914.1):
    dependencies:
      "@cloudflare/kv-asset-handler": 0.5.0
      "@cloudflare/unenv-preset": 2.16.1(unenv@2.0.0-rc.24)(workerd@1.20260911.1)
      blake3-wasm: 2.1.5
      esbuild: 0.28.1
      miniflare: 5.20260911.1-alpha
      path-to-regexp: 6.3.0
      unenv: 2.0.0-rc.24
      workerd: 1.20260911.1
    optionalDependencies:
      "@cloudflare/workers-types": 5.20260914.1
      fsevents: 2.3.3
    transitivePeerDependencies:
      - "@types/node"
      - bufferutil
      - utf-8-validate

  ws@8.21.0: {}

  youch-core@0.3.3:
    dependencies:
      "@poppinss/exception": 1.2.3
      error-stack-parser-es: 1.0.5

  youch@4.1.0-beta.10:
    dependencies:
      "@poppinss/colors": 4.1.6
      "@poppinss/dumper": 0.6.5
      "@speed-highlight/core": 1.2.24
      cookie: 1.1.1
      youch-core: 0.3.3
